
Microsoft Visual Studio Solution File, Format Version 12.00
# Visual Studio Version 17
VisualStudioVersion = 17.8.34330.188
MinimumVisualStudioVersion = 10.0.40219.1
Project("{FAE04EC0-301F-11D3-BF4B-00C04F79EFBC}") = "semaine8", "semaine8\semaine8.csproj", "{68DF71A9-10CD-487E-8DEE-49FB5470DF0F}"
EndProject
Global
	GlobalSection(SolutionConfigurationPlatforms) = preSolution
		Debug|Any CPU = Debug|Any CPU
		Release|Any CPU = Release|Any CPU
	EndGlobalSection
	GlobalSection(ProjectConfigurationPlatforms) = postSolution
		{68DF71A9-10CD-487E-8DEE-49FB5470DF0F}.Debug|Any CPU.ActiveCfg = Debug|Any CPU
		{68DF71A9-10CD-487E-8DEE-49FB5470DF0F}.Debug|Any CPU.Build.0 = Debug|Any CPU
		{68DF71A9-10CD-487E-8DEE-49FB5470DF0F}.Release|Any CPU.ActiveCfg = Release|Any CPU
		{68DF71A9-10CD-487E-8DEE-49FB5470DF0F}.Release|Any CPU.Build.0 = Release|Any CPU
	EndGlobalSection
	GlobalSection(SolutionProperties) = preSolution
		HideSolutionNode = FALSE
	EndGlobalSection
	GlobalSection(ExtensibilityGlobals) = postSolution
		SolutionGuid = {1F0AA605-5027-488B-AE20-45AA3286FA84}
	EndGlobalSection
EndGlobal
