
Microsoft Visual Studio Solution File, Format Version 12.00
# Visual Studio Version 17
VisualStudioVersion = 17.3.32804.467
MinimumVisualStudioVersion = 10.0.40219.1
Project("{FAE04EC0-301F-11D3-BF4B-00C04F79EFBC}") = "semaine3", "semaine3\semaine3.csproj", "{A2066AA6-1772-46D0-AF5B-C35E10BCA1FA}"
EndProject
Global
	GlobalSection(SolutionConfigurationPlatforms) = preSolution
		Debug|Any CPU = Debug|Any CPU
		Release|Any CPU = Release|Any CPU
	EndGlobalSection
	GlobalSection(ProjectConfigurationPlatforms) = postSolution
		{A2066AA6-1772-46D0-AF5B-C35E10BCA1FA}.Debug|Any CPU.ActiveCfg = Debug|Any CPU
		{A2066AA6-1772-46D0-AF5B-C35E10BCA1FA}.Debug|Any CPU.Build.0 = Debug|Any CPU
		{A2066AA6-1772-46D0-AF5B-C35E10BCA1FA}.Release|Any CPU.ActiveCfg = Release|Any CPU
		{A2066AA6-1772-46D0-AF5B-C35E10BCA1FA}.Release|Any CPU.Build.0 = Release|Any CPU
	EndGlobalSection
	GlobalSection(SolutionProperties) = preSolution
		HideSolutionNode = FALSE
	EndGlobalSection
	GlobalSection(ExtensibilityGlobals) = postSolution
		SolutionGuid = {58E1B5A7-C72B-4040-8FE3-8BE4EB67F97A}
	EndGlobalSection
EndGlobal
